
Microsoft Visual Studio Solution File, Format Version 12.00
# Visual Studio Version 17
VisualStudioVersion = 17.12.35728.132 d17.12
MinimumVisualStudioVersion = 10.0.40219.1
Project("{FAE04EC0-301F-11D3-BF4B-00C04F79EFBC}") = "equipe", "equipe\equipe.csproj", "{90885751-06F9-401C-8A64-10E127CABFE9}"
EndProject
Project("{FAE04EC0-301F-11D3-BF4B-00C04F79EFBC}") = "Bibliotheque", "Bibliotheque\Bibliotheque.csproj", "{EA9C8F7B-E56C-4673-8D83-38D6FA5E31C2}"
EndProject
Project("{FAE04EC0-301F-11D3-BF4B-00C04F79EFBC}") = "Postman", "Postman\Postman.csproj", "{F0B9C3BA-4CBF-4B99-95A4-8B7E793589C7}"
EndProject
Global
	GlobalSection(SolutionConfigurationPlatforms) = preSolution
		Debug|Any CPU = Debug|Any CPU
		Release|Any CPU = Release|Any CPU
	EndGlobalSection
	GlobalSection(ProjectConfigurationPlatforms) = postSolution
		{90885751-06F9-401C-8A64-10E127CABFE9}.Debug|Any CPU.ActiveCfg = Debug|Any CPU
		{90885751-06F9-401C-8A64-10E127CABFE9}.Debug|Any CPU.Build.0 = Debug|Any CPU
		{90885751-06F9-401C-8A64-10E127CABFE9}.Release|Any CPU.ActiveCfg = Release|Any CPU
		{90885751-06F9-401C-8A64-10E127CABFE9}.Release|Any CPU.Build.0 = Release|Any CPU
		{EA9C8F7B-E56C-4673-8D83-38D6FA5E31C2}.Debug|Any CPU.ActiveCfg = Debug|Any CPU
		{EA9C8F7B-E56C-4673-8D83-38D6FA5E31C2}.Debug|Any CPU.Build.0 = Debug|Any CPU
		{EA9C8F7B-E56C-4673-8D83-38D6FA5E31C2}.Release|Any CPU.ActiveCfg = Release|Any CPU
		{EA9C8F7B-E56C-4673-8D83-38D6FA5E31C2}.Release|Any CPU.Build.0 = Release|Any CPU
		{F0B9C3BA-4CBF-4B99-95A4-8B7E793589C7}.Debug|Any CPU.ActiveCfg = Debug|Any CPU
		{F0B9C3BA-4CBF-4B99-95A4-8B7E793589C7}.Debug|Any CPU.Build.0 = Debug|Any CPU
		{F0B9C3BA-4CBF-4B99-95A4-8B7E793589C7}.Release|Any CPU.ActiveCfg = Release|Any CPU
		{F0B9C3BA-4CBF-4B99-95A4-8B7E793589C7}.Release|Any CPU.Build.0 = Release|Any CPU
	EndGlobalSection
	GlobalSection(SolutionProperties) = preSolution
		HideSolutionNode = FALSE
	EndGlobalSection
EndGlobal
